{
  "name": "mcp-server-lambda-tools",
  "version": "1.0.0",
  "lockfileVersion": 3,
  "requires": true,
  "packages": {
    "": {
      "name": "mcp-server-lambda-tools",
      "version": "1.0.0",
      "devDependencies": {
        "@aws-crypto/sha256-js": "^5.2.0",
        "@aws-sdk/credential-provider-node": "^3.750.0",
        "@smithy/protocol-http": "^5.0.0",
        "@smithy/signature-v4": "^5.0.0"
      }
    },
    "node_modules/@aws-crypto/sha256-js": {
      "version": "5.2.0",
      "resolved": "https://registry.npmjs.org/@aws-crypto/sha256-js/-/sha256-js-5.2.0.tgz",
      "integrity": "sha512-FFQQyu7edu4ufvIZ+OadFpHHOt+eSTBaYaki44c+akjg7qZg9oOQeLlk77F6tSYqjDAFClrHJk9tMf0HdVyOvA==",
      "dev": true,
      "license": "Apache-2.0",
      "dependencies": {
        "@aws-crypto/util": "^5.2.0",
        "@aws-sdk/types": "^3.222.0",
        "tslib": "^2.6.2"
      },
      "engines": {
        "node": ">=16.0.0"
      }
    },
    "node_modules/@aws-crypto/util": {
      "version": "5.2.0",
      "resolved": "https://registry.npmjs.org/@aws-crypto/util/-/util-5.2.0.tgz",
      "integrity": "sha512-4RkU9EsI6ZpBve5fseQlGNUWKMa1RLPQ1dnjnQoe07ldfIzcsGb5hC5W0Dm7u423KWzawlrpbjXBrXCEv9zazQ==",
      "dev": true,
      "license": "Apache-2.0",
      "dependencies": {
        "@aws-sdk/types": "^3.222.0",
        "@smithy/util-utf8": "^2.0.0",
        "tslib": "^2.6.2"
      }
    },
    "node_modules/@aws-sdk/core": {
      "version": "3.977.1",
      "resolved": "https://registry.npmjs.org/@aws-sdk/core/-/core-3.977.1.tgz",
      "integrity": "sha512-KVtQRtc00ES/y+Sc3vYXeP6pCIcNlBJCZOwvqSy8ZpVGmbM5+IG+AfhuTKQ2oXmIVqZJewaGMMpzPkywC6xg0w==",
      "dev": true,
      "license": "Apache-2.0",
      "dependencies": {
        "@aws-sdk/types": "^3.974.2",
        "@aws-sdk/xml-builder": "^3.972.37",
        "@aws/lambda-invoke-store": "^0.3.0",
        "@smithy/core": "^3.29.8",
        "@smithy/signature-v4": "^5.6.9",
        "@smithy/types": "^4.16.1",
        "bowser": "^2.11.0",
        "tslib": "^2.6.2"
      },
      "engines": {
        "node": ">=20.0.0"
      }
    },
    "node_modules/@aws-sdk/credential-provider-env": {
      "version": "3.972.61",
      "resolved": "https://registry.npmjs.org/@aws-sdk/credential-provider-env/-/credential-provider-env-3.972.61.tgz",
      "integrity": "sha512-qihs2ekMb89Nxd2JenCgVFhjbkb3EIo7HEBCBzyZACKVJdrLUZBLOmAE3xr0Sayml8n/jZSzwO/IufIiIzO7PQ==",
      "dev": true,
      "license": "Apache-2.0",
      "dependencies": {
        "@aws-sdk/core": "^3.977.0",
        "@aws-sdk/types": "^3.974.2",
        "@smithy/core": "^3.29.8",
        "@smithy/types": "^4.16.1",
        "tslib": "^2.6.2"
      },
      "engines": {
        "node": ">=20.0.0"
      }
    },
    "node_modules/@aws-sdk/credential-provider-http": {
      "version": "3.972.63",
      "resolved": "https://registry.npmjs.org/@aws-sdk/credential-provider-http/-/credential-provider-http-3.972.63.tgz",
      "integrity": "sha512-yfozsS8wkWZEi/n6IsrodcFKBWZ0iNAezhJbTReMNc0z1Px17qdeAeuL1/wziCAmCZyXiW7QzP75ggJkBQv8jQ==",
      "dev": true,
      "license": "Apache-2.0",
      "dependencies": {
        "@aws-sdk/core": "^3.977.0",
        "@aws-sdk/types": "^3.974.2",
        "@smithy/core": "^3.29.8",
        "@smithy/fetch-http-handler": "^5.6.10",
        "@smithy/node-http-handler": "^4.9.10",
        "@smithy/types": "^4.16.1",
        "tslib": "^2.6.2"
      },
      "engines": {
        "node": ">=20.0.0"
      }
    },
    "node_modules/@aws-sdk/credential-provider-ini": {
      "version": "3.973.6",
      "resolved": "https://registry.npmjs.org/@aws-sdk/credential-provider-ini/-/credential-provider-ini-3.973.6.tgz",
      "integrity": "sha512-jGLTW1bj148GL/6/IMlfY2fMYS9FtHOG+NahkFD4y0qkzYudNUahelxryY68/HGMslYuHClk1XaS/3b3eJzEkg==",
      "dev": true,
      "license": "Apache-2.0",
      "dependencies": {
        "@aws-sdk/core": "^3.977.0",
        "@aws-sdk/credential-provider-env": "^3.972.61",
        "@aws-sdk/credential-provider-http": "^3.972.63",
        "@aws-sdk/credential-provider-login": "^3.972.68",
        "@aws-sdk/credential-provider-process": "^3.972.61",
        "@aws-sdk/credential-provider-sso": "^3.973.5",
        "@aws-sdk/credential-provider-web-identity": "^3.972.67",
        "@aws-sdk/nested-clients": "^3.997.35",
        "@aws-sdk/types": "^3.974.2",
        "@smithy/core": "^3.29.8",
        "@smithy/credential-provider-imds": "^4.4.13",
        "@smithy/types": "^4.16.1",
        "tslib": "^2.6.2"
      },
      "engines": {
        "node": ">=20.0.0"
      }
    },
    "node_modules/@aws-sdk/credential-provider-login": {
      "version": "3.972.68",
      "resolved": "https://registry.npmjs.org/@aws-sdk/credential-provider-login/-/credential-provider-login-3.972.68.tgz",
      "integrity": "sha512-w6tNci6g7RqFpLhj1f5xseBvaNojb4Pkgp5Jp5apl9hrJtaf2AA+rX9+qlhlWUK6kcyAFYPA7emO+55zj+S98Q==",
      "dev": true,
      "license": "Apache-2.0",
      "dependencies": {
        "@aws-sdk/core": "^3.977.0",
        "@aws-sdk/nested-clients": "^3.997.35",
        "@aws-sdk/types": "^3.974.2",
        "@smithy/core": "^3.29.8",
        "@smithy/types": "^4.16.1",
        "tslib": "^2.6.2"
      },
      "engines": {
        "node": ">=20.0.0"
      }
    },
    "node_modules/@aws-sdk/credential-provider-node": {
      "version": "3.972.72",
      "resolved": "https://registry.npmjs.org/@aws-sdk/credential-provider-node/-/credential-provider-node-3.972.72.tgz",
      "integrity": "sha512-blQ7F5QGzylnzeh5549zQLoCAiMHkXFLjFovEMaVy4b2X8JhUu+u9NXro1hyK95YHdVFNmBHKs2hIHtZchxKlQ==",
      "dev": true,
      "license": "Apache-2.0",
      "dependencies": {
        "@aws-sdk/credential-provider-env": "^3.972.61",
        "@aws-sdk/credential-provider-http": "^3.972.63",
        "@aws-sdk/credential-provider-ini": "^3.973.6",
        "@aws-sdk/credential-provider-process": "^3.972.61",
        "@aws-sdk/credential-provider-sso": "^3.973.5",
        "@aws-sdk/credential-provider-web-identity": "^3.972.67",
        "@aws-sdk/types": "^3.974.2",
        "@smithy/core": "^3.29.8",
        "@smithy/credential-provider-imds": "^4.4.13",
        "@smithy/types": "^4.16.1",
        "tslib": "^2.6.2"
      },
      "engines": {
        "node": ">=20.0.0"
      }
    },
    "node_modules/@aws-sdk/credential-provider-process": {
      "version": "3.972.61",
      "resolved": "https://registry.npmjs.org/@aws-sdk/credential-provider-process/-/credential-provider-process-3.972.61.tgz",
      "integrity": "sha512-xzRuj+fUVO4nkafKQJVKAF97kGpeQbfjuwmRrtGZNf42/1dkmcz6o7dswBy7alY0htQn5sCL1GWQYEykviWZkA==",
      "dev": true,
      "license": "Apache-2.0",
      "dependencies": {
        "@aws-sdk/core": "^3.977.0",
        "@aws-sdk/types": "^3.974.2",
        "@smithy/core": "^3.29.8",
        "@smithy/types": "^4.16.1",
        "tslib": "^2.6.2"
      },
      "engines": {
        "node": ">=20.0.0"
      }
    },
    "node_modules/@aws-sdk/credential-provider-sso": {
      "version": "3.973.5",
      "resolved": "https://registry.npmjs.org/@aws-sdk/credential-provider-sso/-/credential-provider-sso-3.973.5.tgz",
      "integrity": "sha512-fZRjjWhLFelsDoOYjqShQTrIGYC3Pf9Mx9Czf+1ikfQDgktxjze33dVo1q1/ZQ+T0qbtejVoHNHrfD5aJVpv/w==",
      "dev": true,
      "license": "Apache-2.0",
      "dependencies": {
        "@aws-sdk/core": "^3.977.0",
        "@aws-sdk/nested-clients": "^3.997.35",
        "@aws-sdk/token-providers": "3.1095.0",
        "@aws-sdk/types": "^3.974.2",
        "@smithy/core": "^3.29.8",
        "@smithy/types": "^4.16.1",
        "tslib": "^2.6.2"
      },
      "engines": {
        "node": ">=20.0.0"
      }
    },
    "node_modules/@aws-sdk/credential-provider-web-identity": {
      "version": "3.972.67",
      "resolved": "https://registry.npmjs.org/@aws-sdk/credential-provider-web-identity/-/credential-provider-web-identity-3.972.67.tgz",
      "integrity": "sha512-FTNZ05gkPBA6CKbU3N4zPgybV+stdazwMOya75CmGdcJL7p8Fw/BdHP8WVxJd0mvzyPK2cg/C3gli58Ir4HgCw==",
      "dev": true,
      "license": "Apache-2.0",
      "dependencies": {
        "@aws-sdk/core": "^3.977.0",
        "@aws-sdk/nested-clients": "^3.997.35",
        "@aws-sdk/types": "^3.974.2",
        "@smithy/core": "^3.29.8",
        "@smithy/types": "^4.16.1",
        "tslib": "^2.6.2"
      },
      "engines": {
        "node": ">=20.0.0"
      }
    },
    "node_modules/@aws-sdk/nested-clients": {
      "version": "3.997.35",
      "resolved": "https://registry.npmjs.org/@aws-sdk/nested-clients/-/nested-clients-3.997.35.tgz",
      "integrity": "sha512-2MJfseVG/aXvIyOIBlYA/Oaf6qFDdsu4D8RKsEUdOQpVuLaor0BdxIBBtJLBNQQEe6Ku3YMvLljwb1MwVUpzRw==",
      "dev": true,
      "license": "Apache-2.0",
      "dependencies": {
        "@aws-sdk/core": "^3.977.0",
        "@aws-sdk/signature-v4-multi-region": "^3.996.42",
        "@aws-sdk/types": "^3.974.2",
        "@smithy/core": "^3.29.8",
        "@smithy/fetch-http-handler": "^5.6.10",
        "@smithy/node-http-handler": "^4.9.10",
        "@smithy/types": "^4.16.1",
        "tslib": "^2.6.2"
      },
      "engines": {
        "node": ">=20.0.0"
      }
    },
    "node_modules/@aws-sdk/signature-v4-multi-region": {
      "version": "3.996.42",
      "resolved": "https://registry.npmjs.org/@aws-sdk/signature-v4-multi-region/-/signature-v4-multi-region-3.996.42.tgz",
      "integrity": "sha512-DBV4naZP6HYBlAvPpoQzOP12Wvfou/5rN8yJPXjBTBylU5qwCbh/tXr2MddHoIjgoRkEl/eS+IljiUqvmwey1Q==",
      "dev": true,
      "license": "Apache-2.0",
      "dependencies": {
        "@aws-sdk/types": "^3.974.2",
        "@smithy/signature-v4": "^5.6.9",
        "@smithy/types": "^4.16.1",
        "tslib": "^2.6.2"
      },
      "engines": {
        "node": ">=20.0.0"
      }
    },
    "node_modules/@aws-sdk/token-providers": {
      "version": "3.1095.0",
      "resolved": "https://registry.npmjs.org/@aws-sdk/token-providers/-/token-providers-3.1095.0.tgz",
      "integrity": "sha512-65SudS6y4nzaYHybtqcpm3sHe5jLhdMn68HRKS1nUx690BtQeaAQOoujQ+dpOjBATIVGVgKKjEP8tR+U06QJQA==",
      "dev": true,
      "license": "Apache-2.0",
      "dependencies": {
        "@aws-sdk/core": "^3.977.0",
        "@aws-sdk/nested-clients": "^3.997.35",
        "@aws-sdk/types": "^3.974.2",
        "@smithy/core": "^3.29.8",
        "@smithy/types": "^4.16.1",
        "tslib": "^2.6.2"
      },
      "engines": {
        "node": ">=20.0.0"
      }
    },
    "node_modules/@aws-sdk/types": {
      "version": "3.974.2",
      "resolved": "https://registry.npmjs.org/@aws-sdk/types/-/types-3.974.2.tgz",
      "integrity": "sha512-3W6IUtSxFbH6X7Wb7DzGCV5QiFQsd0g8bOfntpmDxQlzBoKWUMBu/JPQR0DwkE+Hpnxd6db1tXbOwdeHddG6cA==",
      "dev": true,
      "license": "Apache-2.0",
      "dependencies": {
        "@smithy/types": "^4.16.1",
        "tslib": "^2.6.2"
      },
      "engines": {
        "node": ">=20.0.0"
      }
    },
    "node_modules/@aws-sdk/xml-builder": {
      "version": "3.972.37",
      "resolved": "https://registry.npmjs.org/@aws-sdk/xml-builder/-/xml-builder-3.972.37.tgz",
      "integrity": "sha512-zKq4HQum8JwDyEuyfuI4bbiAcU0KxP6qy+9PR/IsR92IyE/DaBAikzAS50tjxip4bqIIANpCcG+Yyj6CVhXupg==",
      "dev": true,
      "license": "Apache-2.0",
      "dependencies": {
        "@smithy/types": "^4.16.1",
        "tslib": "^2.6.2"
      },
      "engines": {
        "node": ">=20.0.0"
      }
    },
    "node_modules/@aws/lambda-invoke-store": {
      "version": "0.3.0",
      "resolved": "https://registry.npmjs.org/@aws/lambda-invoke-store/-/lambda-invoke-store-0.3.0.tgz",
      "integrity": "sha512-sl4Bm6yiMNYrZKkqqDFWN0UfnWhlS8ivKxrYl+6t0gCLrqr8y3B2IqZZbFRkfaVVp7C/baApyh71P+LeE1A2sQ==",
      "dev": true,
      "license": "Apache-2.0",
      "engines": {
        "node": ">=18.0.0"
      }
    },
    "node_modules/@smithy/core": {
      "version": "3.30.0",
      "resolved": "https://registry.npmjs.org/@smithy/core/-/core-3.30.0.tgz",
      "integrity": "sha512-dl2yRglDxfzH9uJ4fSo4zTaAHa0zH7+V7BZMRWy8hEYIKT1BiqMUK/CN6T3ADQ3kbA5N1tmUulroJ2UtONS7Kw==",
      "dev": true,
      "license": "Apache-2.0",
      "dependencies": {
        "@smithy/types": "^4.16.1",
        "tslib": "^2.6.2"
      },
      "engines": {
        "node": ">=18.0.0"
      }
    },
    "node_modules/@smithy/credential-provider-imds": {
      "version": "4.4.14",
      "resolved": "https://registry.npmjs.org/@smithy/credential-provider-imds/-/credential-provider-imds-4.4.14.tgz",
      "integrity": "sha512-QgbuahIb2qxQeZQvNK0sw3aF3JH5zwH8j2lLp5DUasVXexGGMWULAR+7z0omPXFolCP/m5wN9M5lm9EGdSviTQ==",
      "dev": true,
      "license": "Apache-2.0",
      "dependencies": {
        "@smithy/core": "^3.30.0",
        "@smithy/types": "^4.16.1",
        "tslib": "^2.6.2"
      },
      "engines": {
        "node": ">=18.0.0"
      }
    },
    "node_modules/@smithy/fetch-http-handler": {
      "version": "5.6.11",
      "resolved": "https://registry.npmjs.org/@smithy/fetch-http-handler/-/fetch-http-handler-5.6.11.tgz",
      "integrity": "sha512-o0Zkj1nKqJAoq+a+BrkhU39tRftMNjLwpc/z06Frfl43wpbHrJMaSAVZE4vTqlxtVkNaGaT0bIDxOp7tkFTuQQ==",
      "dev": true,
      "license": "Apache-2.0",
      "dependencies": {
        "@smithy/core": "^3.30.0",
        "@smithy/types": "^4.16.1",
        "tslib": "^2.6.2"
      },
      "engines": {
        "node": ">=18.0.0"
      }
    },
    "node_modules/@smithy/is-array-buffer": {
      "version": "2.2.0",
      "resolved": "https://registry.npmjs.org/@smithy/is-array-buffer/-/is-array-buffer-2.2.0.tgz",
      "integrity": "sha512-GGP3O9QFD24uGeAXYUjwSTXARoqpZykHadOmA8G5vfJPK0/DC67qa//0qvqrJzL1xc8WQWX7/yc7fwudjPHPhA==",
      "dev": true,
      "license": "Apache-2.0",
      "dependencies": {
        "tslib": "^2.6.2"
      },
      "engines": {
        "node": ">=14.0.0"
      }
    },
    "node_modules/@smithy/node-http-handler": {
      "version": "4.9.11",
      "resolved": "https://registry.npmjs.org/@smithy/node-http-handler/-/node-http-handler-4.9.11.tgz",
      "integrity": "sha512-slbzbz8taEOzoXv/9y34YNBoE+ZHmddLykCgjDAjvMAsu2nM5s2Gzwa5OGF721tD8s+CKeFUBds5lSj9lcbuDg==",
      "dev": true,
      "license": "Apache-2.0",
      "dependencies": {
        "@smithy/core": "^3.30.0",
        "@smithy/types": "^4.16.1",
        "tslib": "^2.6.2"
      },
      "engines": {
        "node": ">=18.0.0"
      }
    },
    "node_modules/@smithy/protocol-http": {
      "version": "5.5.14",
      "resolved": "https://registry.npmjs.org/@smithy/protocol-http/-/protocol-http-5.5.14.tgz",
      "integrity": "sha512-R+aYfS8kDXMwO+LfpiWTJjjUsR+se4cd2ZBjMU3fqJmoSZ1jenTpgb4/k1SvvXcM9f0232KvufZoO5XRWoiPBw==",
      "dev": true,
      "license": "Apache-2.0",
      "dependencies": {
        "@smithy/core": "^3.30.0",
        "tslib": "^2.6.2"
      },
      "engines": {
        "node": ">=18.0.0"
      }
    },
    "node_modules/@smithy/signature-v4": {
      "version": "5.6.10",
      "resolved": "https://registry.npmjs.org/@smithy/signature-v4/-/signature-v4-5.6.10.tgz",
      "integrity": "sha512-EXhWePm3SXJAX38npIy4TXL2Aex/OVgCClTjelN2QHw/U+8CQUH8C7AaxsVzQcYieYPseywn48s89DmvuGjiAg==",
      "dev": true,
      "license": "Apache-2.0",
      "dependencies": {
        "@smithy/core": "^3.30.0",
        "@smithy/types": "^4.16.1",
        "tslib": "^2.6.2"
      },
      "engines": {
        "node": ">=18.0.0"
      }
    },
    "node_modules/@smithy/types": {
      "version": "4.16.1",
      "resolved": "https://registry.npmjs.org/@smithy/types/-/types-4.16.1.tgz",
      "integrity": "sha512-0JFs3V2y2M9tKW5na/qxe69Zv+uxLMO7QBbhxF/FHu/Gp2NFZAAL9tWl9PU02xxo07pb3G9FTyjNc6D5uZrJIg==",
      "dev": true,
      "license": "Apache-2.0",
      "dependencies": {
        "tslib": "^2.6.2"
      },
      "engines": {
        "node": ">=18.0.0"
      }
    },
    "node_modules/@smithy/util-buffer-from": {
      "version": "2.2.0",
      "resolved": "https://registry.npmjs.org/@smithy/util-buffer-from/-/util-buffer-from-2.2.0.tgz",
      "integrity": "sha512-IJdWBbTcMQ6DA0gdNhh/BwrLkDR+ADW5Kr1aZmd4k3DIF6ezMV4R2NIAmT08wQJ3yUK82thHWmC/TnK/wpMMIA==",
      "dev": true,
      "license": "Apache-2.0",
      "dependencies": {
        "@smithy/is-array-buffer": "^2.2.0",
        "tslib": "^2.6.2"
      },
      "engines": {
        "node": ">=14.0.0"
      }
    },
    "node_modules/@smithy/util-utf8": {
      "version": "2.3.0",
      "resolved": "https://registry.npmjs.org/@smithy/util-utf8/-/util-utf8-2.3.0.tgz",
      "integrity": "sha512-R8Rdn8Hy72KKcebgLiv8jQcQkXoLMOGGv5uI1/k0l+snqkOzQ1R0ChUBCxWMlBsFMekWjq0wRudIweFs7sKT5A==",
      "dev": true,
      "license": "Apache-2.0",
      "dependencies": {
        "@smithy/util-buffer-from": "^2.2.0",
        "tslib": "^2.6.2"
      },
      "engines": {
        "node": ">=14.0.0"
      }
    },
    "node_modules/bowser": {
      "version": "2.14.1",
      "resolved": "https://registry.npmjs.org/bowser/-/bowser-2.14.1.tgz",
      "integrity": "sha512-tzPjzCxygAKWFOJP011oxFHs57HzIhOEracIgAePE4pqB3LikALKnSzUyU4MGs9/iCEUuHlAJTjTc5M+u7YEGg==",
      "dev": true,
      "license": "MIT"
    },
    "node_modules/tslib": {
      "version": "2.8.1",
      "resolved": "https://registry.npmjs.org/tslib/-/tslib-2.8.1.tgz",
      "integrity": "sha512-oJFu94HQb+KVduSUQL7wnpmqnfmLsOA/nAh6b6EH0wCEoK0/mPeXU6c3wKDV83MkOuHPRHtSXKKU99IBazS/2w==",
      "dev": true,
      "license": "0BSD"
    }
  }
}
