{
  "name": "compose-shared-api",
  "version": "1.0.0",
  "lockfileVersion": 3,
  "requires": true,
  "packages": {
    "": {
      "name": "compose-shared-api",
      "version": "1.0.0",
      "license": "MIT",
      "dependencies": {
        "@aws-sdk/client-dynamodb": "^3.700.0",
        "@aws-sdk/client-sqs": "^3.700.0"
      }
    },
    "node_modules/@aws-sdk/client-dynamodb": {
      "version": "3.1090.0",
      "resolved": "https://registry.npmjs.org/@aws-sdk/client-dynamodb/-/client-dynamodb-3.1090.0.tgz",
      "integrity": "sha512-JjmuzG6XZG9vQFZ1Ob6kxJHz9U+x4Yxz+r717HeyYItRp+xRrGLNI5IggLDa9OfeYhq6mHJTZ6QMlyLI4EWK6w==",
      "license": "Apache-2.0",
      "dependencies": {
        "@aws-sdk/core": "^3.975.3",
        "@aws-sdk/credential-provider-node": "^3.972.70",
        "@aws-sdk/dynamodb-codec": "^3.973.33",
        "@aws-sdk/middleware-endpoint-discovery": "^3.972.25",
        "@aws-sdk/types": "^3.974.2",
        "@smithy/core": "^3.29.4",
        "@smithy/fetch-http-handler": "^5.6.6",
        "@smithy/node-http-handler": "^4.9.6",
        "@smithy/types": "^4.16.1",
        "tslib": "^2.6.2"
      },
      "engines": {
        "node": ">=20.0.0"
      }
    },
    "node_modules/@aws-sdk/client-sqs": {
      "version": "3.1090.0",
      "resolved": "https://registry.npmjs.org/@aws-sdk/client-sqs/-/client-sqs-3.1090.0.tgz",
      "integrity": "sha512-XgBD9RoOgF0W1768kRkNNxwZOQZ18pucXWTsa2i4ebfHlbE4fM1Sz30jTLMIbkRGL/JXfMT76ywY3er3N0x5xw==",
      "license": "Apache-2.0",
      "dependencies": {
        "@aws-sdk/core": "^3.975.3",
        "@aws-sdk/credential-provider-node": "^3.972.70",
        "@aws-sdk/middleware-sdk-sqs": "^3.972.37",
        "@aws-sdk/types": "^3.974.2",
        "@smithy/core": "^3.29.4",
        "@smithy/fetch-http-handler": "^5.6.6",
        "@smithy/node-http-handler": "^4.9.6",
        "@smithy/types": "^4.16.1",
        "tslib": "^2.6.2"
      },
      "engines": {
        "node": ">=20.0.0"
      }
    },
    "node_modules/@aws-sdk/core": {
      "version": "3.975.3",
      "resolved": "https://registry.npmjs.org/@aws-sdk/core/-/core-3.975.3.tgz",
      "integrity": "sha512-7ur3kCKuvPLqlsZ2XlvnNBVQ7KkpSu6Y6dOTwSPHLrFpTEfZM8isLBJc4cgv96WB7GifeVM436mpycwxBd2vEA==",
      "license": "Apache-2.0",
      "dependencies": {
        "@aws-sdk/types": "^3.974.2",
        "@aws-sdk/xml-builder": "^3.972.36",
        "@aws/lambda-invoke-store": "^0.3.0",
        "@smithy/core": "^3.29.4",
        "@smithy/signature-v4": "^5.6.5",
        "@smithy/types": "^4.16.1",
        "bowser": "^2.11.0",
        "tslib": "^2.6.2"
      },
      "engines": {
        "node": ">=20.0.0"
      }
    },
    "node_modules/@aws-sdk/credential-provider-env": {
      "version": "3.972.59",
      "resolved": "https://registry.npmjs.org/@aws-sdk/credential-provider-env/-/credential-provider-env-3.972.59.tgz",
      "integrity": "sha512-Ny5e4Mfh3QPmiAc0AiUe+cbTXDlxkU3Rc+EpWOfyWeWEy6yp7Fa1KmfNeCc+1a8by9zQ9gtohmiQUkMPScF3ng==",
      "license": "Apache-2.0",
      "dependencies": {
        "@aws-sdk/core": "^3.975.3",
        "@aws-sdk/types": "^3.974.2",
        "@smithy/core": "^3.29.4",
        "@smithy/types": "^4.16.1",
        "tslib": "^2.6.2"
      },
      "engines": {
        "node": ">=20.0.0"
      }
    },
    "node_modules/@aws-sdk/credential-provider-http": {
      "version": "3.972.61",
      "resolved": "https://registry.npmjs.org/@aws-sdk/credential-provider-http/-/credential-provider-http-3.972.61.tgz",
      "integrity": "sha512-8jAjgStl5Ytq4+HF3X/9f+EmRinaRbGRRtQGktlPfBRVx73H+R1y48vIeXerQtYGFaUqkEp3fT6jP854rVO2yQ==",
      "license": "Apache-2.0",
      "dependencies": {
        "@aws-sdk/core": "^3.975.3",
        "@aws-sdk/types": "^3.974.2",
        "@smithy/core": "^3.29.4",
        "@smithy/fetch-http-handler": "^5.6.6",
        "@smithy/node-http-handler": "^4.9.6",
        "@smithy/types": "^4.16.1",
        "tslib": "^2.6.2"
      },
      "engines": {
        "node": ">=20.0.0"
      }
    },
    "node_modules/@aws-sdk/credential-provider-ini": {
      "version": "3.973.4",
      "resolved": "https://registry.npmjs.org/@aws-sdk/credential-provider-ini/-/credential-provider-ini-3.973.4.tgz",
      "integrity": "sha512-e6ZvVsj90aRALf1kHP+J4iqC1496ZpVgqI/+u0LJ5HL7q7ATauGy4gdDvRCP13L1pN/fMiZLah162PGIYkbUVQ==",
      "license": "Apache-2.0",
      "dependencies": {
        "@aws-sdk/core": "^3.975.3",
        "@aws-sdk/credential-provider-env": "^3.972.59",
        "@aws-sdk/credential-provider-http": "^3.972.61",
        "@aws-sdk/credential-provider-login": "^3.972.66",
        "@aws-sdk/credential-provider-process": "^3.972.59",
        "@aws-sdk/credential-provider-sso": "^3.973.3",
        "@aws-sdk/credential-provider-web-identity": "^3.972.65",
        "@aws-sdk/nested-clients": "^3.997.33",
        "@aws-sdk/types": "^3.974.2",
        "@smithy/core": "^3.29.4",
        "@smithy/credential-provider-imds": "^4.4.9",
        "@smithy/types": "^4.16.1",
        "tslib": "^2.6.2"
      },
      "engines": {
        "node": ">=20.0.0"
      }
    },
    "node_modules/@aws-sdk/credential-provider-login": {
      "version": "3.972.66",
      "resolved": "https://registry.npmjs.org/@aws-sdk/credential-provider-login/-/credential-provider-login-3.972.66.tgz",
      "integrity": "sha512-g2fsqm87r/nKthLZ0VkkDBElkGg0PvSa8d97HQ6EilMbJTZ6hxa8FxkSZyJfgPfFdZn0TTmkOffQmTSUcAHIng==",
      "license": "Apache-2.0",
      "dependencies": {
        "@aws-sdk/core": "^3.975.3",
        "@aws-sdk/nested-clients": "^3.997.33",
        "@aws-sdk/types": "^3.974.2",
        "@smithy/core": "^3.29.4",
        "@smithy/types": "^4.16.1",
        "tslib": "^2.6.2"
      },
      "engines": {
        "node": ">=20.0.0"
      }
    },
    "node_modules/@aws-sdk/credential-provider-node": {
      "version": "3.972.70",
      "resolved": "https://registry.npmjs.org/@aws-sdk/credential-provider-node/-/credential-provider-node-3.972.70.tgz",
      "integrity": "sha512-3xzvkGdykBunxqh8WudmUpSyLWvIhfI6aBQo1b5rb3mDO5mNLadK+0hiI0qBQBMVynJbfLO+Ajy9dztMwy9O8w==",
      "license": "Apache-2.0",
      "dependencies": {
        "@aws-sdk/credential-provider-env": "^3.972.59",
        "@aws-sdk/credential-provider-http": "^3.972.61",
        "@aws-sdk/credential-provider-ini": "^3.973.4",
        "@aws-sdk/credential-provider-process": "^3.972.59",
        "@aws-sdk/credential-provider-sso": "^3.973.3",
        "@aws-sdk/credential-provider-web-identity": "^3.972.65",
        "@aws-sdk/types": "^3.974.2",
        "@smithy/core": "^3.29.4",
        "@smithy/credential-provider-imds": "^4.4.9",
        "@smithy/types": "^4.16.1",
        "tslib": "^2.6.2"
      },
      "engines": {
        "node": ">=20.0.0"
      }
    },
    "node_modules/@aws-sdk/credential-provider-process": {
      "version": "3.972.59",
      "resolved": "https://registry.npmjs.org/@aws-sdk/credential-provider-process/-/credential-provider-process-3.972.59.tgz",
      "integrity": "sha512-DlZF2/MhLlatDdlrIy3CUCpfdbLrKx+3SMjVo+WyHnPpwzkc/M3vwAHw4OVJf7DMvO+4vfRqSCMc/E9I1auN0g==",
      "license": "Apache-2.0",
      "dependencies": {
        "@aws-sdk/core": "^3.975.3",
        "@aws-sdk/types": "^3.974.2",
        "@smithy/core": "^3.29.4",
        "@smithy/types": "^4.16.1",
        "tslib": "^2.6.2"
      },
      "engines": {
        "node": ">=20.0.0"
      }
    },
    "node_modules/@aws-sdk/credential-provider-sso": {
      "version": "3.973.3",
      "resolved": "https://registry.npmjs.org/@aws-sdk/credential-provider-sso/-/credential-provider-sso-3.973.3.tgz",
      "integrity": "sha512-hmdDHoy2G5Es2e8IgelNMYUuSQI6uCIAKZMJ2u2PdKDhxvbk1uWD/g4+R7R5c/tJfKEB1+KjjWiaoCr/S+ZTiQ==",
      "license": "Apache-2.0",
      "dependencies": {
        "@aws-sdk/core": "^3.975.3",
        "@aws-sdk/nested-clients": "^3.997.33",
        "@aws-sdk/token-providers": "3.1088.0",
        "@aws-sdk/types": "^3.974.2",
        "@smithy/core": "^3.29.4",
        "@smithy/types": "^4.16.1",
        "tslib": "^2.6.2"
      },
      "engines": {
        "node": ">=20.0.0"
      }
    },
    "node_modules/@aws-sdk/credential-provider-web-identity": {
      "version": "3.972.65",
      "resolved": "https://registry.npmjs.org/@aws-sdk/credential-provider-web-identity/-/credential-provider-web-identity-3.972.65.tgz",
      "integrity": "sha512-gHQb/Kt0chjk/JQDa/GJDqmAvEuVn8n7z10wK2h0LFM9TUDRkohgOO4aEF+s2sBLM0br7Cl5W6P7phgjrrJvLQ==",
      "license": "Apache-2.0",
      "dependencies": {
        "@aws-sdk/core": "^3.975.3",
        "@aws-sdk/nested-clients": "^3.997.33",
        "@aws-sdk/types": "^3.974.2",
        "@smithy/core": "^3.29.4",
        "@smithy/types": "^4.16.1",
        "tslib": "^2.6.2"
      },
      "engines": {
        "node": ">=20.0.0"
      }
    },
    "node_modules/@aws-sdk/dynamodb-codec": {
      "version": "3.973.33",
      "resolved": "https://registry.npmjs.org/@aws-sdk/dynamodb-codec/-/dynamodb-codec-3.973.33.tgz",
      "integrity": "sha512-/awY2mG1zvTy22j4ryZL8jfWQdcuppsw17Mxw1tjG92hO+52JoFZaaTWrJIQp066t/aj4JC4II29UJb6g644vA==",
      "license": "Apache-2.0",
      "dependencies": {
        "@aws-sdk/core": "^3.975.3",
        "@smithy/core": "^3.29.4",
        "@smithy/types": "^4.16.1",
        "tslib": "^2.6.2"
      },
      "engines": {
        "node": ">=20.0.0"
      }
    },
    "node_modules/@aws-sdk/endpoint-cache": {
      "version": "3.972.9",
      "resolved": "https://registry.npmjs.org/@aws-sdk/endpoint-cache/-/endpoint-cache-3.972.9.tgz",
      "integrity": "sha512-LFvdgq8SriaskUcjpBMDE7J2c9RmuT5v3gU36/znV71EU5DKUis4FmGFjCMelKCCViFeVrQADBAlIiOYRhEx6Q==",
      "license": "Apache-2.0",
      "dependencies": {
        "mnemonist": "0.38.3",
        "tslib": "^2.6.2"
      },
      "engines": {
        "node": ">=20.0.0"
      }
    },
    "node_modules/@aws-sdk/middleware-endpoint-discovery": {
      "version": "3.972.25",
      "resolved": "https://registry.npmjs.org/@aws-sdk/middleware-endpoint-discovery/-/middleware-endpoint-discovery-3.972.25.tgz",
      "integrity": "sha512-5G2aVPmbWC5dFI76D0vsNg2L0fgWP4uybcetf+06dzeZuRtpihnow88fOl5zm3+ABdIw27FKgyFzV4yB5Bm29Q==",
      "license": "Apache-2.0",
      "dependencies": {
        "@aws-sdk/endpoint-cache": "^3.972.9",
        "@aws-sdk/types": "^3.974.2",
        "@smithy/core": "^3.29.4",
        "@smithy/types": "^4.16.1",
        "tslib": "^2.6.2"
      },
      "engines": {
        "node": ">=20.0.0"
      }
    },
    "node_modules/@aws-sdk/middleware-sdk-sqs": {
      "version": "3.972.37",
      "resolved": "https://registry.npmjs.org/@aws-sdk/middleware-sdk-sqs/-/middleware-sdk-sqs-3.972.37.tgz",
      "integrity": "sha512-ObKPWZWpog+4zZQ2q+LdBwf/nm+HF2afgBxCtyHeqjRlsnATuKOV3dPYnzCGyjRZ/RHTEre4LRrYRcIxlWhzVQ==",
      "license": "Apache-2.0",
      "dependencies": {
        "@aws-sdk/types": "^3.974.2",
        "@smithy/core": "^3.29.4",
        "@smithy/types": "^4.16.1",
        "tslib": "^2.6.2"
      },
      "engines": {
        "node": ">=20.0.0"
      }
    },
    "node_modules/@aws-sdk/nested-clients": {
      "version": "3.997.33",
      "resolved": "https://registry.npmjs.org/@aws-sdk/nested-clients/-/nested-clients-3.997.33.tgz",
      "integrity": "sha512-dVZOroI/r3/ENvqNGgjMPul+jjlz9GddfVusgTXlVjfZj5isibOxecLkGQbRPp8XOuX+RAfjXLFgPkD1JS5xrw==",
      "license": "Apache-2.0",
      "dependencies": {
        "@aws-sdk/core": "^3.975.3",
        "@aws-sdk/signature-v4-multi-region": "^3.996.41",
        "@aws-sdk/types": "^3.974.2",
        "@smithy/core": "^3.29.4",
        "@smithy/fetch-http-handler": "^5.6.6",
        "@smithy/node-http-handler": "^4.9.6",
        "@smithy/types": "^4.16.1",
        "tslib": "^2.6.2"
      },
      "engines": {
        "node": ">=20.0.0"
      }
    },
    "node_modules/@aws-sdk/signature-v4-multi-region": {
      "version": "3.996.41",
      "resolved": "https://registry.npmjs.org/@aws-sdk/signature-v4-multi-region/-/signature-v4-multi-region-3.996.41.tgz",
      "integrity": "sha512-QMUytg+FQMGouc8gHS00KoYih3+N6cqmVI/pQGOIo7Nr7OpQaiXjSYOuL+vsPZ1tymY4LAQ8MYcHJmws5LRxng==",
      "license": "Apache-2.0",
      "dependencies": {
        "@aws-sdk/types": "^3.974.2",
        "@smithy/signature-v4": "^5.6.5",
        "@smithy/types": "^4.16.1",
        "tslib": "^2.6.2"
      },
      "engines": {
        "node": ">=20.0.0"
      }
    },
    "node_modules/@aws-sdk/token-providers": {
      "version": "3.1088.0",
      "resolved": "https://registry.npmjs.org/@aws-sdk/token-providers/-/token-providers-3.1088.0.tgz",
      "integrity": "sha512-4ObatWt2qpJg5FBk4LOOKrTQYzaqeewAtdO3r9ZO8lH9YqLtpTzLyIdy0mJ+nVdfYOnqISkKNfmzP22bNDhwyw==",
      "license": "Apache-2.0",
      "dependencies": {
        "@aws-sdk/core": "^3.975.3",
        "@aws-sdk/nested-clients": "^3.997.33",
        "@aws-sdk/types": "^3.974.2",
        "@smithy/core": "^3.29.4",
        "@smithy/types": "^4.16.1",
        "tslib": "^2.6.2"
      },
      "engines": {
        "node": ">=20.0.0"
      }
    },
    "node_modules/@aws-sdk/types": {
      "version": "3.974.2",
      "resolved": "https://registry.npmjs.org/@aws-sdk/types/-/types-3.974.2.tgz",
      "integrity": "sha512-3W6IUtSxFbH6X7Wb7DzGCV5QiFQsd0g8bOfntpmDxQlzBoKWUMBu/JPQR0DwkE+Hpnxd6db1tXbOwdeHddG6cA==",
      "license": "Apache-2.0",
      "dependencies": {
        "@smithy/types": "^4.16.1",
        "tslib": "^2.6.2"
      },
      "engines": {
        "node": ">=20.0.0"
      }
    },
    "node_modules/@aws-sdk/xml-builder": {
      "version": "3.972.36",
      "resolved": "https://registry.npmjs.org/@aws-sdk/xml-builder/-/xml-builder-3.972.36.tgz",
      "integrity": "sha512-RdGmS1GLrtaTOLE1ElSluMldNrpk9Emq6uYs8SS8iHlu5xTAmM9rRkM91o48+rIRryBtyO9t+uLYCoMG6jVMVA==",
      "license": "Apache-2.0",
      "dependencies": {
        "@smithy/types": "^4.16.1",
        "tslib": "^2.6.2"
      },
      "engines": {
        "node": ">=20.0.0"
      }
    },
    "node_modules/@aws/lambda-invoke-store": {
      "version": "0.3.0",
      "resolved": "https://registry.npmjs.org/@aws/lambda-invoke-store/-/lambda-invoke-store-0.3.0.tgz",
      "integrity": "sha512-sl4Bm6yiMNYrZKkqqDFWN0UfnWhlS8ivKxrYl+6t0gCLrqr8y3B2IqZZbFRkfaVVp7C/baApyh71P+LeE1A2sQ==",
      "license": "Apache-2.0",
      "engines": {
        "node": ">=18.0.0"
      }
    },
    "node_modules/@smithy/core": {
      "version": "3.29.5",
      "resolved": "https://registry.npmjs.org/@smithy/core/-/core-3.29.5.tgz",
      "integrity": "sha512-i0dk2t5B+CwV/dcJdUHILYkOQF5lof8f44dFCfDWToGCxjT9YQ+CgHqTAvJxzc3+zqQwm2QtVoJ5IqiNar/CnQ==",
      "license": "Apache-2.0",
      "dependencies": {
        "@smithy/types": "^4.16.1",
        "tslib": "^2.6.2"
      },
      "engines": {
        "node": ">=18.0.0"
      }
    },
    "node_modules/@smithy/credential-provider-imds": {
      "version": "4.4.10",
      "resolved": "https://registry.npmjs.org/@smithy/credential-provider-imds/-/credential-provider-imds-4.4.10.tgz",
      "integrity": "sha512-MJenAe4OKRZUo1LdYYFDCsSHxaHvInIU/z52GsheO9vl1/VSySVCr0zkyKD6TFiGkSUaWGxvKZ/70OvgUZR5HQ==",
      "license": "Apache-2.0",
      "dependencies": {
        "@smithy/core": "^3.29.5",
        "@smithy/types": "^4.16.1",
        "tslib": "^2.6.2"
      },
      "engines": {
        "node": ">=18.0.0"
      }
    },
    "node_modules/@smithy/fetch-http-handler": {
      "version": "5.6.7",
      "resolved": "https://registry.npmjs.org/@smithy/fetch-http-handler/-/fetch-http-handler-5.6.7.tgz",
      "integrity": "sha512-3zpg8yqqyXzoK2TsRDdkqVOj2RDBFfLXwCczOZ5c7TWB4eiaebfSCsbMjDPYB3PJ9ihV62QaeadZ+wLadZtNGA==",
      "license": "Apache-2.0",
      "dependencies": {
        "@smithy/core": "^3.29.5",
        "@smithy/types": "^4.16.1",
        "tslib": "^2.6.2"
      },
      "engines": {
        "node": ">=18.0.0"
      }
    },
    "node_modules/@smithy/node-http-handler": {
      "version": "4.9.7",
      "resolved": "https://registry.npmjs.org/@smithy/node-http-handler/-/node-http-handler-4.9.7.tgz",
      "integrity": "sha512-wCU8HCLjAtAVqxxe0j2xff9LcEPw3yjBbg5IdQDIYFnxnPxbxcSLc7rgex7kqm9L/WYOnJEgaWQlfDkZleozMA==",
      "license": "Apache-2.0",
      "dependencies": {
        "@smithy/core": "^3.29.5",
        "@smithy/types": "^4.16.1",
        "tslib": "^2.6.2"
      },
      "engines": {
        "node": ">=18.0.0"
      }
    },
    "node_modules/@smithy/signature-v4": {
      "version": "5.6.6",
      "resolved": "https://registry.npmjs.org/@smithy/signature-v4/-/signature-v4-5.6.6.tgz",
      "integrity": "sha512-efP6DN3UTFrzIsGO42/xcabv8jU7+9nwEdphFUH7yL0k010ERyAWaO41KFQIDLcFZLZ8xzIQr4wplFxNzslSGQ==",
      "license": "Apache-2.0",
      "dependencies": {
        "@smithy/core": "^3.29.5",
        "@smithy/types": "^4.16.1",
        "tslib": "^2.6.2"
      },
      "engines": {
        "node": ">=18.0.0"
      }
    },
    "node_modules/@smithy/types": {
      "version": "4.16.1",
      "resolved": "https://registry.npmjs.org/@smithy/types/-/types-4.16.1.tgz",
      "integrity": "sha512-0JFs3V2y2M9tKW5na/qxe69Zv+uxLMO7QBbhxF/FHu/Gp2NFZAAL9tWl9PU02xxo07pb3G9FTyjNc6D5uZrJIg==",
      "license": "Apache-2.0",
      "dependencies": {
        "tslib": "^2.6.2"
      },
      "engines": {
        "node": ">=18.0.0"
      }
    },
    "node_modules/bowser": {
      "version": "2.14.1",
      "resolved": "https://registry.npmjs.org/bowser/-/bowser-2.14.1.tgz",
      "integrity": "sha512-tzPjzCxygAKWFOJP011oxFHs57HzIhOEracIgAePE4pqB3LikALKnSzUyU4MGs9/iCEUuHlAJTjTc5M+u7YEGg==",
      "license": "MIT"
    },
    "node_modules/mnemonist": {
      "version": "0.38.3",
      "resolved": "https://registry.npmjs.org/mnemonist/-/mnemonist-0.38.3.tgz",
      "integrity": "sha512-2K9QYubXx/NAjv4VLq1d1Ly8pWNC5L3BrixtdkyTegXWJIqY+zLNDhhX/A+ZwWt70tB1S8H4BE8FLYEFyNoOBw==",
      "license": "MIT",
      "dependencies": {
        "obliterator": "^1.6.1"
      }
    },
    "node_modules/obliterator": {
      "version": "1.6.1",
      "resolved": "https://registry.npmjs.org/obliterator/-/obliterator-1.6.1.tgz",
      "integrity": "sha512-9WXswnqINnnhOG/5SLimUlzuU1hFJUc8zkwyD59Sd+dPOMf05PmnYG/d6Q7HZ+KmgkZJa1PxRso6QdM3sTNHig==",
      "license": "MIT"
    },
    "node_modules/tslib": {
      "version": "2.8.1",
      "resolved": "https://registry.npmjs.org/tslib/-/tslib-2.8.1.tgz",
      "integrity": "sha512-oJFu94HQb+KVduSUQL7wnpmqnfmLsOA/nAh6b6EH0wCEoK0/mPeXU6c3wKDV83MkOuHPRHtSXKKU99IBazS/2w==",
      "license": "0BSD"
    }
  }
}
