github.com/aws/aws-lambda-go v1.54.0 h1:EGYpdyRGF88xszqlGcBewz811mJeRS+maNlLZXFheII=
github.com/aws/aws-lambda-go v1.54.0/go.mod h1:dpMpZgvWx5vuQJfBt0zqBha60q7Dd7RfgJv23DymV8A=
github.com/aws/aws-sdk-go-v2 v1.42.1 h1:9eOTgu1z/dVtYpNZ3/8/XbbaX0x/BqE3HUzAzs6K0ek=
github.com/aws/aws-sdk-go-v2 v1.42.1/go.mod h1:5pKeft2eJj+gElQ38Jqg4ibCqh+/AK33/0X3hip7IjM=
github.com/aws/aws-sdk-go-v2/aws/protocol/eventstream v1.7.14 h1:3IZY0XAJquT3aHzbkHfPzy4ACPcEjVG0x87KOwtpqGY=
github.com/aws/aws-sdk-go-v2/aws/protocol/eventstream v1.7.14/go.mod h1:zwM6veDkhGgQFqkBy+uT28AAYpLu+uFMlPl+rCg/73E=
github.com/aws/aws-sdk-go-v2/config v1.32.30 h1:XwsEzpTJfQYJbFicz/QMLwAZdyeNVVoOEkbF7R3gPJk=
github.com/aws/aws-sdk-go-v2/config v1.32.30/go.mod h1:Ud32SuMc+/9BGxfpSVld7HrE2o05JwKmXY4M3jOQNZU=
github.com/aws/aws-sdk-go-v2/credentials v1.19.29 h1:WHZGssHH887cO0ox07SIQZsFx3MKD4ps6w0xUEmnKYQ=
github.com/aws/aws-sdk-go-v2/credentials v1.19.29/go.mod h1:Mhl0xR6zjguiuj00XRx2wMx22sAltk7oya39sT7fdg8=
github.com/aws/aws-sdk-go-v2/feature/ec2/imds v1.18.30 h1:/hi1JADLEW9YYryEz1w4GQu0EtP23pP553Cf9KgsDV4=
github.com/aws/aws-sdk-go-v2/feature/ec2/imds v1.18.30/go.mod h1:/3AOgy4K17Dm4ucMZVC/MJkzy5kmfKUcINRHZyo0koQ=
github.com/aws/aws-sdk-go-v2/internal/configsources v1.4.30 h1:xM/Is9cKMHa8Jj8zkvWhvrFkZsXJV9E+BB4g0HW0duQ=
github.com/aws/aws-sdk-go-v2/internal/configsources v1.4.30/go.mod h1:WueJeNDZvK1fMYEWJIkcivBfEzUkTpBhzlrUKKY8EuA=
github.com/aws/aws-sdk-go-v2/internal/endpoints/v2 v2.7.30 h1:jn46zC9LdsVR/ZpMIJqMqb8hHv31BlLx3ulVqNspUOk=
github.com/aws/aws-sdk-go-v2/internal/endpoints/v2 v2.7.30/go.mod h1:1hTMsAgbdS/AtUi4bw8+gUuh1pceo+eXRLfpSuSQj3M=
github.com/aws/aws-sdk-go-v2/internal/v4a v1.4.31 h1:3GUprIsfmGcC5SACIyB0e7E0BM1O1b3Erl5CePYIAeQ=
github.com/aws/aws-sdk-go-v2/internal/v4a v1.4.31/go.mod h1:7PuV1yl5e2xnUbm+RqvVg5i2iBM8EyijZNoI9wsOoOc=
github.com/aws/aws-sdk-go-v2/service/internal/accept-encoding v1.13.13 h1:mbRIur/BiHK6SKPjoBIXSE/hJ6g6JGRLuxQy1jGjlN4=
github.com/aws/aws-sdk-go-v2/service/internal/accept-encoding v1.13.13/go.mod h1:ITg9em2KbJx1s0y4aqRX5OYWG6HBZ5TVR//OdpEZ2CQ=
github.com/aws/aws-sdk-go-v2/service/internal/checksum v1.9.23 h1:9Fjh6fi/U5JEStVZijmaMpUwE/gvBJj7x2B/PjbO9To=
github.com/aws/aws-sdk-go-v2/service/internal/checksum v1.9.23/go.mod h1:iMoT2f1tClxrWAAnKCXjZQ6LOmfLrMG14wmnWpM+F14=
github.com/aws/aws-sdk-go-v2/service/internal/presigned-url v1.13.30 h1:/Z5jmNrKsSD7EmDjzAPsm/3L9IuOkzaynklJZ1qX7S4=
github.com/aws/aws-sdk-go-v2/service/internal/presigned-url v1.13.30/go.mod h1:lEzEZnOosE7zi8Z6royW1cFJTD9fpab4Ul1SBrllewk=
github.com/aws/aws-sdk-go-v2/service/internal/s3shared v1.19.31 h1:uao4A3QZ5UmB326V6KF+qRpv9Tjz7IlnlnTbbANntlU=
github.com/aws/aws-sdk-go-v2/service/internal/s3shared v1.19.31/go.mod h1:I/1+z0VwL1GhQyLgkoHDlygpUZ+iTAwOQ/NsftiUL2I=
github.com/aws/aws-sdk-go-v2/service/s3 v1.105.1 h1:LkBKxAOE5WXjlFuFZqPG1rREnl6I6QCMElcXFDEidos=
github.com/aws/aws-sdk-go-v2/service/s3 v1.105.1/go.mod h1:zdmCoFO/dSI7GlrwsPqFJI+WlFnSU4Tc8TJnlXrM1Do=
github.com/aws/aws-sdk-go-v2/service/signin v1.4.1 h1:V7ZZ300WPXGjvkyore5DGe0ljVPOxCXie/thWdtSBXE=
github.com/aws/aws-sdk-go-v2/service/signin v1.4.1/go.mod h1:mxC0nT/C8wMMS97DemZPzvUZxvIt+2Iq+eS3JdFZGgg=
github.com/aws/aws-sdk-go-v2/service/sso v1.32.1 h1:gYFYh4iLLcAOJRLNPY2aD2g9DIhKn4eof8UkIrr1rTk=
github.com/aws/aws-sdk-go-v2/service/sso v1.32.1/go.mod h1:u8af9Nqkmqnr96f7v9nHqzZT9XBwbXEkTiqT4ROuJSE=
github.com/aws/aws-sdk-go-v2/service/ssooidc v1.37.1 h1:arjT9Cm3/WYbGmD5TUZHk4UQn4Lle1fUNZs5FC6CtF0=
github.com/aws/aws-sdk-go-v2/service/ssooidc v1.37.1/go.mod h1:DMPWJBjYs6+3+f/qhBFEFPPlQ6NlhWjai3dJNvipJ84=
github.com/aws/aws-sdk-go-v2/service/sts v1.44.1 h1:RvfHDg+xvAeZ+5741vUEjpOVtYSIm93W2zhx10Xtydw=
github.com/aws/aws-sdk-go-v2/service/sts v1.44.1/go.mod h1:9gdl4RrflIdpDb2TlXshWgR1F9TeCkvqDx77Vpr4Z/Q=
github.com/aws/smithy-go v1.27.3 h1:F3Zb497UhhskkfpJmfkXswyo+t0sh9OTBnIHjogWbVY=
github.com/aws/smithy-go v1.27.3/go.mod h1:YE2RhdIuDbA5E5bTdciG9KrW3+TiEONeUWCqxX9i1Fc=
github.com/davecgh/go-spew v1.1.1 h1:vj9j/u1bqnvCEfJOwUhtlOARqs3+rkHYY13jYWTU97c=
github.com/davecgh/go-spew v1.1.1/go.mod h1:J7Y8YcW2NihsgmVo/mv3lAwl/skON4iLHjSsI+c5H38=
github.com/pmezard/go-difflib v1.0.0 h1:4DBwDE0NGyQoBHbLQYPwSUPoCMWR5BEzIk/f1lZbAQM=
github.com/pmezard/go-difflib v1.0.0/go.mod h1:iKH77koFhYxTK1pcRnkKkqfTogsbg7gZNVY4sRDYZ/4=
github.com/stretchr/testify v1.7.2 h1:4jaiDzPyXQvSd7D0EjG45355tLlV3VOECpq10pLC+8s=
github.com/stretchr/testify v1.7.2/go.mod h1:R6va5+xMeoiuVRoj+gSkQ7d3FALtqAAGI1FQKckRals=
gopkg.in/yaml.v3 v3.0.1 h1:fxVm/GzAzEWqLHuvctI91KS9hhNmmWOoWu0XTYJS7CA=
gopkg.in/yaml.v3 v3.0.1/go.mod h1:K4uyk7z7BCEPqu6E+C64Yfv1cQ7kz7rIZviUmN+EgEM=
