{
  "name": "claude-microvm-worker",
  "version": "0.1.0",
  "lockfileVersion": 3,
  "requires": true,
  "packages": {
    "": {
      "name": "claude-microvm-worker",
      "version": "0.1.0",
      "dependencies": {
        "@anthropic-ai/sdk": "^0.112.0",
        "@aws-sdk/client-secrets-manager": "^3.600.0"
      },
      "engines": {
        "node": ">=24"
      }
    },
    "node_modules/@anthropic-ai/sdk": {
      "version": "0.112.1",
      "resolved": "https://registry.npmjs.org/@anthropic-ai/sdk/-/sdk-0.112.1.tgz",
      "integrity": "sha512-vPRhHWxG9gIDyI9anVET2tBkmMBOXyTpIFvQgUVveiAV0ihmQgBYzQHb/s9+pZ/FxprSWcQnj15YnRfPxOIEmg==",
      "license": "MIT",
      "dependencies": {
        "json-schema-to-ts": "^3.1.1",
        "standardwebhooks": "^1.0.0"
      },
      "bin": {
        "anthropic-ai-sdk": "bin/cli"
      },
      "peerDependencies": {
        "zod": "^3.25.0 || ^4.0.0"
      },
      "peerDependenciesMeta": {
        "zod": {
          "optional": true
        }
      }
    },
    "node_modules/@aws-crypto/crc32": {
      "version": "5.2.0",
      "resolved": "https://registry.npmjs.org/@aws-crypto/crc32/-/crc32-5.2.0.tgz",
      "integrity": "sha512-nLbCWqQNgUiwwtFsen1AdzAtvuLRsQS8rYgMuxCrdKf9kOssamGLuPwyTY9wyYblNr9+1XM8v6zoDTPPSIeANg==",
      "license": "Apache-2.0",
      "dependencies": {
        "@aws-crypto/util": "^5.2.0",
        "@aws-sdk/types": "^3.222.0",
        "tslib": "^2.6.2"
      },
      "engines": {
        "node": ">=16.0.0"
      }
    },
    "node_modules/@aws-crypto/sha256-browser": {
      "version": "5.2.0",
      "resolved": "https://registry.npmjs.org/@aws-crypto/sha256-browser/-/sha256-browser-5.2.0.tgz",
      "integrity": "sha512-AXfN/lGotSQwu6HNcEsIASo7kWXZ5HYWvfOmSNKDsEqC4OashTp8alTmaz+F7TC2L083SFv5RdB+qU3Vs1kZqw==",
      "license": "Apache-2.0",
      "dependencies": {
        "@aws-crypto/sha256-js": "^5.2.0",
        "@aws-crypto/supports-web-crypto": "^5.2.0",
        "@aws-crypto/util": "^5.2.0",
        "@aws-sdk/types": "^3.222.0",
        "@aws-sdk/util-locate-window": "^3.0.0",
        "@smithy/util-utf8": "^2.0.0",
        "tslib": "^2.6.2"
      }
    },
    "node_modules/@aws-crypto/sha256-js": {
      "version": "5.2.0",
      "resolved": "https://registry.npmjs.org/@aws-crypto/sha256-js/-/sha256-js-5.2.0.tgz",
      "integrity": "sha512-FFQQyu7edu4ufvIZ+OadFpHHOt+eSTBaYaki44c+akjg7qZg9oOQeLlk77F6tSYqjDAFClrHJk9tMf0HdVyOvA==",
      "license": "Apache-2.0",
      "dependencies": {
        "@aws-crypto/util": "^5.2.0",
        "@aws-sdk/types": "^3.222.0",
        "tslib": "^2.6.2"
      },
      "engines": {
        "node": ">=16.0.0"
      }
    },
    "node_modules/@aws-crypto/supports-web-crypto": {
      "version": "5.2.0",
      "resolved": "https://registry.npmjs.org/@aws-crypto/supports-web-crypto/-/supports-web-crypto-5.2.0.tgz",
      "integrity": "sha512-iAvUotm021kM33eCdNfwIN//F77/IADDSs58i+MDaOqFrVjZo9bAal0NK7HurRuWLLpF1iLX7gbWrjHjeo+YFg==",
      "license": "Apache-2.0",
      "dependencies": {
        "tslib": "^2.6.2"
      }
    },
    "node_modules/@aws-crypto/util": {
      "version": "5.2.0",
      "resolved": "https://registry.npmjs.org/@aws-crypto/util/-/util-5.2.0.tgz",
      "integrity": "sha512-4RkU9EsI6ZpBve5fseQlGNUWKMa1RLPQ1dnjnQoe07ldfIzcsGb5hC5W0Dm7u423KWzawlrpbjXBrXCEv9zazQ==",
      "license": "Apache-2.0",
      "dependencies": {
        "@aws-sdk/types": "^3.222.0",
        "@smithy/util-utf8": "^2.0.0",
        "tslib": "^2.6.2"
      }
    },
    "node_modules/@aws-sdk/client-secrets-manager": {
      "version": "3.1075.0",
      "resolved": "https://registry.npmjs.org/@aws-sdk/client-secrets-manager/-/client-secrets-manager-3.1075.0.tgz",
      "integrity": "sha512-5cLjSmrgzohO2q4gMrb7oHq58W+gR/qul7yHSRZ1fZv7aYtONvq23dKr+E7i0KBid4zkjGpjw8VJ7fNdQi9YUQ==",
      "license": "Apache-2.0",
      "dependencies": {
        "@aws-crypto/sha256-browser": "5.2.0",
        "@aws-crypto/sha256-js": "5.2.0",
        "@aws-sdk/core": "^3.974.23",
        "@aws-sdk/credential-provider-node": "^3.972.58",
        "@aws-sdk/types": "^3.973.13",
        "@smithy/core": "^3.24.6",
        "@smithy/fetch-http-handler": "^5.4.6",
        "@smithy/node-http-handler": "^4.7.6",
        "@smithy/types": "^4.14.3",
        "tslib": "^2.6.2"
      },
      "engines": {
        "node": ">=20.0.0"
      }
    },
    "node_modules/@aws-sdk/core": {
      "version": "3.974.23",
      "resolved": "https://registry.npmjs.org/@aws-sdk/core/-/core-3.974.23.tgz",
      "integrity": "sha512-MiWR/uWjxjFXGzrE0Ghc5lWxUxzHsUWFhV+OX7M4cR9SrmrnZs6TXavnCWnzzdwJeFri34xQo81rvGNzK3c4BQ==",
      "license": "Apache-2.0",
      "dependencies": {
        "@aws-sdk/types": "^3.973.13",
        "@aws-sdk/xml-builder": "^3.972.31",
        "@aws/lambda-invoke-store": "^0.2.2",
        "@smithy/core": "^3.24.6",
        "@smithy/signature-v4": "^5.4.6",
        "@smithy/types": "^4.14.3",
        "bowser": "^2.11.0",
        "tslib": "^2.6.2"
      },
      "engines": {
        "node": ">=20.0.0"
      }
    },
    "node_modules/@aws-sdk/credential-provider-env": {
      "version": "3.972.49",
      "resolved": "https://registry.npmjs.org/@aws-sdk/credential-provider-env/-/credential-provider-env-3.972.49.tgz",
      "integrity": "sha512-liB3yQNHCM9k/gu/w36XHMKPluT7HTlnGUhRbBGSISDQkcr/Sy1zsZabiuvQj8WG5yW573u9RehrBvvnIQ9OEQ==",
      "license": "Apache-2.0",
      "dependencies": {
        "@aws-sdk/core": "^3.974.23",
        "@aws-sdk/types": "^3.973.13",
        "@smithy/core": "^3.24.6",
        "@smithy/types": "^4.14.3",
        "tslib": "^2.6.2"
      },
      "engines": {
        "node": ">=20.0.0"
      }
    },
    "node_modules/@aws-sdk/credential-provider-http": {
      "version": "3.972.51",
      "resolved": "https://registry.npmjs.org/@aws-sdk/credential-provider-http/-/credential-provider-http-3.972.51.tgz",
      "integrity": "sha512-XET0H2oofciJ5lMRWNIvRjAP7Q3wv2XT+JtJJEdhPWUMwe3TvQ9qcxonpu7vXmNngncvFpi4E2It+Tamas/naA==",
      "license": "Apache-2.0",
      "dependencies": {
        "@aws-sdk/core": "^3.974.23",
        "@aws-sdk/types": "^3.973.13",
        "@smithy/core": "^3.24.6",
        "@smithy/fetch-http-handler": "^5.4.6",
        "@smithy/node-http-handler": "^4.7.6",
        "@smithy/types": "^4.14.3",
        "tslib": "^2.6.2"
      },
      "engines": {
        "node": ">=20.0.0"
      }
    },
    "node_modules/@aws-sdk/credential-provider-ini": {
      "version": "3.972.56",
      "resolved": "https://registry.npmjs.org/@aws-sdk/credential-provider-ini/-/credential-provider-ini-3.972.56.tgz",
      "integrity": "sha512-IAmc61hbgQiHht9U3x0tnRwz0lzdwOwD/i9voRgdJrKamF+JtmrBOsW9GwB7mfFonNWOWL4qARWYrF8veEMe3w==",
      "license": "Apache-2.0",
      "dependencies": {
        "@aws-sdk/core": "^3.974.23",
        "@aws-sdk/credential-provider-env": "^3.972.49",
        "@aws-sdk/credential-provider-http": "^3.972.51",
        "@aws-sdk/credential-provider-login": "^3.972.55",
        "@aws-sdk/credential-provider-process": "^3.972.49",
        "@aws-sdk/credential-provider-sso": "^3.972.55",
        "@aws-sdk/credential-provider-web-identity": "^3.972.55",
        "@aws-sdk/nested-clients": "^3.997.23",
        "@aws-sdk/types": "^3.973.13",
        "@smithy/core": "^3.24.6",
        "@smithy/credential-provider-imds": "^4.3.7",
        "@smithy/types": "^4.14.3",
        "tslib": "^2.6.2"
      },
      "engines": {
        "node": ">=20.0.0"
      }
    },
    "node_modules/@aws-sdk/credential-provider-login": {
      "version": "3.972.55",
      "resolved": "https://registry.npmjs.org/@aws-sdk/credential-provider-login/-/credential-provider-login-3.972.55.tgz",
      "integrity": "sha512-hBBkANo3cDn+h2qxxzER4a+J8JCO9o9Z/YYmU7iky6AcaarX5RRdRcHNC6SLdwY0vAXQygn6soUbDqPn3GghaA==",
      "license": "Apache-2.0",
      "dependencies": {
        "@aws-sdk/core": "^3.974.23",
        "@aws-sdk/nested-clients": "^3.997.23",
        "@aws-sdk/types": "^3.973.13",
        "@smithy/core": "^3.24.6",
        "@smithy/types": "^4.14.3",
        "tslib": "^2.6.2"
      },
      "engines": {
        "node": ">=20.0.0"
      }
    },
    "node_modules/@aws-sdk/credential-provider-node": {
      "version": "3.972.58",
      "resolved": "https://registry.npmjs.org/@aws-sdk/credential-provider-node/-/credential-provider-node-3.972.58.tgz",
      "integrity": "sha512-OyCLVmSI7pZO8hxwNVX6pXhTVlJqRBTp+ijdEfJSUj0RyjHnF602OfAarOzGq6wkGodeFkYBt8MmJ6A6ycRgWw==",
      "license": "Apache-2.0",
      "dependencies": {
        "@aws-sdk/credential-provider-env": "^3.972.49",
        "@aws-sdk/credential-provider-http": "^3.972.51",
        "@aws-sdk/credential-provider-ini": "^3.972.56",
        "@aws-sdk/credential-provider-process": "^3.972.49",
        "@aws-sdk/credential-provider-sso": "^3.972.55",
        "@aws-sdk/credential-provider-web-identity": "^3.972.55",
        "@aws-sdk/types": "^3.973.13",
        "@smithy/core": "^3.24.6",
        "@smithy/credential-provider-imds": "^4.3.7",
        "@smithy/types": "^4.14.3",
        "tslib": "^2.6.2"
      },
      "engines": {
        "node": ">=20.0.0"
      }
    },
    "node_modules/@aws-sdk/credential-provider-process": {
      "version": "3.972.49",
      "resolved": "https://registry.npmjs.org/@aws-sdk/credential-provider-process/-/credential-provider-process-3.972.49.tgz",
      "integrity": "sha512-C8h36lBuC/RnBSsjlO+dn6xZm3KbAl5vpJaVPAfQnMmz2/OISmKOc8XZcqMQgO2ADwBYNRMM6Kf3vz9G/TulMQ==",
      "license": "Apache-2.0",
      "dependencies": {
        "@aws-sdk/core": "^3.974.23",
        "@aws-sdk/types": "^3.973.13",
        "@smithy/core": "^3.24.6",
        "@smithy/types": "^4.14.3",
        "tslib": "^2.6.2"
      },
      "engines": {
        "node": ">=20.0.0"
      }
    },
    "node_modules/@aws-sdk/credential-provider-sso": {
      "version": "3.972.55",
      "resolved": "https://registry.npmjs.org/@aws-sdk/credential-provider-sso/-/credential-provider-sso-3.972.55.tgz",
      "integrity": "sha512-1FkOz74Ea5QGS9jtIoXp55T/IkSS3spv+nLTT07fRY/+T5xmEOqaYBVIaEmX4zTNvbV6g2lrtlaVKWEoNyJt3w==",
      "license": "Apache-2.0",
      "dependencies": {
        "@aws-sdk/core": "^3.974.23",
        "@aws-sdk/nested-clients": "^3.997.23",
        "@aws-sdk/token-providers": "3.1074.0",
        "@aws-sdk/types": "^3.973.13",
        "@smithy/core": "^3.24.6",
        "@smithy/types": "^4.14.3",
        "tslib": "^2.6.2"
      },
      "engines": {
        "node": ">=20.0.0"
      }
    },
    "node_modules/@aws-sdk/credential-provider-web-identity": {
      "version": "3.972.55",
      "resolved": "https://registry.npmjs.org/@aws-sdk/credential-provider-web-identity/-/credential-provider-web-identity-3.972.55.tgz",
      "integrity": "sha512-g2BoECD1q01kTPByi56+VLVvdWDzMkKIcr77qixpqH0okw2t0U5CoPv+6S8v/D1Y2Wa6QKKtn6XAtDzP+Kfpvg==",
      "license": "Apache-2.0",
      "dependencies": {
        "@aws-sdk/core": "^3.974.23",
        "@aws-sdk/nested-clients": "^3.997.23",
        "@aws-sdk/types": "^3.973.13",
        "@smithy/core": "^3.24.6",
        "@smithy/types": "^4.14.3",
        "tslib": "^2.6.2"
      },
      "engines": {
        "node": ">=20.0.0"
      }
    },
    "node_modules/@aws-sdk/nested-clients": {
      "version": "3.997.23",
      "resolved": "https://registry.npmjs.org/@aws-sdk/nested-clients/-/nested-clients-3.997.23.tgz",
      "integrity": "sha512-gO93ZPsI2bxeFZD42f1/qjDw6FAZkNZcKRO94LIiT03fzOmcJ9e/tunxjVjA1Rl69ClmVJzz8H3G9CdKef10PA==",
      "license": "Apache-2.0",
      "dependencies": {
        "@aws-crypto/sha256-browser": "5.2.0",
        "@aws-crypto/sha256-js": "5.2.0",
        "@aws-sdk/core": "^3.974.23",
        "@aws-sdk/signature-v4-multi-region": "^3.996.35",
        "@aws-sdk/types": "^3.973.13",
        "@smithy/core": "^3.24.6",
        "@smithy/fetch-http-handler": "^5.4.6",
        "@smithy/node-http-handler": "^4.7.6",
        "@smithy/types": "^4.14.3",
        "tslib": "^2.6.2"
      },
      "engines": {
        "node": ">=20.0.0"
      }
    },
    "node_modules/@aws-sdk/signature-v4-multi-region": {
      "version": "3.996.35",
      "resolved": "https://registry.npmjs.org/@aws-sdk/signature-v4-multi-region/-/signature-v4-multi-region-3.996.35.tgz",
      "integrity": "sha512-6L/VWs+Wch2stHemCGTmUNqKLMzURxQDK5boNG3Jn3kAOp71meDUuS5sbObpEvFxHDq0uWeSLFDNSYsjNt+Dlg==",
      "license": "Apache-2.0",
      "dependencies": {
        "@aws-sdk/types": "^3.973.13",
        "@smithy/signature-v4": "^5.4.6",
        "@smithy/types": "^4.14.3",
        "tslib": "^2.6.2"
      },
      "engines": {
        "node": ">=20.0.0"
      }
    },
    "node_modules/@aws-sdk/token-providers": {
      "version": "3.1074.0",
      "resolved": "https://registry.npmjs.org/@aws-sdk/token-providers/-/token-providers-3.1074.0.tgz",
      "integrity": "sha512-pv80IzgGW4RnXWtft692chZOM9i6PhebVsLCcnaM4dBEPZva2fE6FXAHs76G7Rc7s3yGyX/68G0nZMrUy+Vmpg==",
      "license": "Apache-2.0",
      "dependencies": {
        "@aws-sdk/core": "^3.974.23",
        "@aws-sdk/nested-clients": "^3.997.23",
        "@aws-sdk/types": "^3.973.13",
        "@smithy/core": "^3.24.6",
        "@smithy/types": "^4.14.3",
        "tslib": "^2.6.2"
      },
      "engines": {
        "node": ">=20.0.0"
      }
    },
    "node_modules/@aws-sdk/types": {
      "version": "3.973.13",
      "resolved": "https://registry.npmjs.org/@aws-sdk/types/-/types-3.973.13.tgz",
      "integrity": "sha512-pEHZqRkAlHfnfAU9tK+WpKv/gBNjGJrHMgA3A0iYRGyswBS2t0pfez+lWlwktb3Bqa0ovh7w/QJTFwp3fDxLNg==",
      "license": "Apache-2.0",
      "dependencies": {
        "@smithy/types": "^4.14.3",
        "tslib": "^2.6.2"
      },
      "engines": {
        "node": ">=20.0.0"
      }
    },
    "node_modules/@aws-sdk/util-locate-window": {
      "version": "3.965.8",
      "resolved": "https://registry.npmjs.org/@aws-sdk/util-locate-window/-/util-locate-window-3.965.8.tgz",
      "integrity": "sha512-uUbMs1cBZPafD0ohUj6EwNf0fPZ534NvBxHox4hjX+0Rxq5paSYUem7+hi833pYrzrcnBATKIYpR02MDXT5M9g==",
      "license": "Apache-2.0",
      "dependencies": {
        "tslib": "^2.6.2"
      },
      "engines": {
        "node": ">=20.0.0"
      }
    },
    "node_modules/@aws-sdk/xml-builder": {
      "version": "3.972.31",
      "resolved": "https://registry.npmjs.org/@aws-sdk/xml-builder/-/xml-builder-3.972.31.tgz",
      "integrity": "sha512-SzE4Pgyl+hDF+BuyuzxUSpwnuUu9lJuO1YGgteG89/4Qv0+2IQiVQqdbPV32IozLvXWQChPQcdkk/sKvb1QHiQ==",
      "license": "Apache-2.0",
      "dependencies": {
        "@smithy/types": "^4.14.3",
        "tslib": "^2.6.2"
      },
      "engines": {
        "node": ">=20.0.0"
      }
    },
    "node_modules/@aws/lambda-invoke-store": {
      "version": "0.2.4",
      "resolved": "https://registry.npmjs.org/@aws/lambda-invoke-store/-/lambda-invoke-store-0.2.4.tgz",
      "integrity": "sha512-iY8yvjE0y651BixKNPgmv1WrQc+GZ142sb0z4gYnChDDY2YqI4P/jsSopBWrKfAt7LOJAkOXt7rC/hms+WclQQ==",
      "license": "Apache-2.0",
      "engines": {
        "node": ">=18.0.0"
      }
    },
    "node_modules/@babel/runtime": {
      "version": "7.29.7",
      "resolved": "https://registry.npmjs.org/@babel/runtime/-/runtime-7.29.7.tgz",
      "integrity": "sha512-Nq8OhGWiZIZGV6hLHoyAKLLcJihP/xFeBMGJoUrxTX2psI8dCifzLhZISFb+VWS3wFMRDmCGw5R+dOySCqPLhw==",
      "license": "MIT",
      "engines": {
        "node": ">=6.9.0"
      }
    },
    "node_modules/@smithy/core": {
      "version": "3.26.0",
      "resolved": "https://registry.npmjs.org/@smithy/core/-/core-3.26.0.tgz",
      "integrity": "sha512-mLUktFAn+Pa2agl1J7VgtYNFWCX8/b4GMJSK1hCu4YCvtBfM6F8Os3EP4ry+DFFlXOf3wyvlgXhuUdFoy52D3g==",
      "license": "Apache-2.0",
      "dependencies": {
        "@aws-crypto/crc32": "5.2.0",
        "@smithy/types": "^4.15.0",
        "tslib": "^2.6.2"
      },
      "engines": {
        "node": ">=18.0.0"
      }
    },
    "node_modules/@smithy/credential-provider-imds": {
      "version": "4.4.2",
      "resolved": "https://registry.npmjs.org/@smithy/credential-provider-imds/-/credential-provider-imds-4.4.2.tgz",
      "integrity": "sha512-18UMDMyrAbDcpmL1gLUA7ww0fRTcdCrSjSJOi2Sbld+tVjwD/pW+OAwjlScFLR7vvBnhZrIPQ7kVuTf1mnJLug==",
      "license": "Apache-2.0",
      "dependencies": {
        "@smithy/core": "^3.26.0",
        "@smithy/types": "^4.15.0",
        "tslib": "^2.6.2"
      },
      "engines": {
        "node": ">=18.0.0"
      }
    },
    "node_modules/@smithy/fetch-http-handler": {
      "version": "5.5.2",
      "resolved": "https://registry.npmjs.org/@smithy/fetch-http-handler/-/fetch-http-handler-5.5.2.tgz",
      "integrity": "sha512-Ei/UK/QMhq0rKaMqGPlOAkE2yS9DZeYmZdk1RAKc3vp3zxgleZHZyBLlZv8yLsxljX4svCRuMTD6u3LLIcU4Bg==",
      "license": "Apache-2.0",
      "dependencies": {
        "@smithy/core": "^3.26.0",
        "@smithy/types": "^4.15.0",
        "tslib": "^2.6.2"
      },
      "engines": {
        "node": ">=18.0.0"
      }
    },
    "node_modules/@smithy/is-array-buffer": {
      "version": "2.2.0",
      "resolved": "https://registry.npmjs.org/@smithy/is-array-buffer/-/is-array-buffer-2.2.0.tgz",
      "integrity": "sha512-GGP3O9QFD24uGeAXYUjwSTXARoqpZykHadOmA8G5vfJPK0/DC67qa//0qvqrJzL1xc8WQWX7/yc7fwudjPHPhA==",
      "license": "Apache-2.0",
      "dependencies": {
        "tslib": "^2.6.2"
      },
      "engines": {
        "node": ">=14.0.0"
      }
    },
    "node_modules/@smithy/node-http-handler": {
      "version": "4.8.2",
      "resolved": "https://registry.npmjs.org/@smithy/node-http-handler/-/node-http-handler-4.8.2.tgz",
      "integrity": "sha512-wfl1uwrAqMH9/pi4kqBo5LBcFwrJLxuDLqL7p7qNcJIFcyZDUc6pzhYk4CYv+DP7fIUpQCZumwNnkhPKS52osQ==",
      "license": "Apache-2.0",
      "dependencies": {
        "@smithy/core": "^3.26.0",
        "@smithy/types": "^4.15.0",
        "tslib": "^2.6.2"
      },
      "engines": {
        "node": ">=18.0.0"
      }
    },
    "node_modules/@smithy/signature-v4": {
      "version": "5.5.2",
      "resolved": "https://registry.npmjs.org/@smithy/signature-v4/-/signature-v4-5.5.2.tgz",
      "integrity": "sha512-7xHpmPY4rt0IOmeAA8EfjgEH8isT+587TCdy9H6a7d4OMi5CQ0oEHhWllunvPu4j4Cq0vTFwdxXN/kABWPjdyA==",
      "license": "Apache-2.0",
      "dependencies": {
        "@smithy/core": "^3.26.0",
        "@smithy/types": "^4.15.0",
        "tslib": "^2.6.2"
      },
      "engines": {
        "node": ">=18.0.0"
      }
    },
    "node_modules/@smithy/types": {
      "version": "4.15.0",
      "resolved": "https://registry.npmjs.org/@smithy/types/-/types-4.15.0.tgz",
      "integrity": "sha512-Z5TAOxygoFvybJV3igo5SloFflSokHx2hu1eFA+DxDTcn+FtKxUSui+rbTRG1pAafMA888Z3MVvCWUuvCrTXjg==",
      "license": "Apache-2.0",
      "dependencies": {
        "tslib": "^2.6.2"
      },
      "engines": {
        "node": ">=18.0.0"
      }
    },
    "node_modules/@smithy/util-buffer-from": {
      "version": "2.2.0",
      "resolved": "https://registry.npmjs.org/@smithy/util-buffer-from/-/util-buffer-from-2.2.0.tgz",
      "integrity": "sha512-IJdWBbTcMQ6DA0gdNhh/BwrLkDR+ADW5Kr1aZmd4k3DIF6ezMV4R2NIAmT08wQJ3yUK82thHWmC/TnK/wpMMIA==",
      "license": "Apache-2.0",
      "dependencies": {
        "@smithy/is-array-buffer": "^2.2.0",
        "tslib": "^2.6.2"
      },
      "engines": {
        "node": ">=14.0.0"
      }
    },
    "node_modules/@smithy/util-utf8": {
      "version": "2.3.0",
      "resolved": "https://registry.npmjs.org/@smithy/util-utf8/-/util-utf8-2.3.0.tgz",
      "integrity": "sha512-R8Rdn8Hy72KKcebgLiv8jQcQkXoLMOGGv5uI1/k0l+snqkOzQ1R0ChUBCxWMlBsFMekWjq0wRudIweFs7sKT5A==",
      "license": "Apache-2.0",
      "dependencies": {
        "@smithy/util-buffer-from": "^2.2.0",
        "tslib": "^2.6.2"
      },
      "engines": {
        "node": ">=14.0.0"
      }
    },
    "node_modules/@stablelib/base64": {
      "version": "1.0.1",
      "resolved": "https://registry.npmjs.org/@stablelib/base64/-/base64-1.0.1.tgz",
      "integrity": "sha512-1bnPQqSxSuc3Ii6MhBysoWCg58j97aUjuCSZrGSmDxNqtytIi0k8utUenAwTZN4V5mXXYGsVUI9zeBqy+jBOSQ==",
      "license": "MIT"
    },
    "node_modules/bowser": {
      "version": "2.14.1",
      "resolved": "https://registry.npmjs.org/bowser/-/bowser-2.14.1.tgz",
      "integrity": "sha512-tzPjzCxygAKWFOJP011oxFHs57HzIhOEracIgAePE4pqB3LikALKnSzUyU4MGs9/iCEUuHlAJTjTc5M+u7YEGg==",
      "license": "MIT"
    },
    "node_modules/fast-sha256": {
      "version": "1.3.0",
      "resolved": "https://registry.npmjs.org/fast-sha256/-/fast-sha256-1.3.0.tgz",
      "integrity": "sha512-n11RGP/lrWEFI/bWdygLxhI+pVeo1ZYIVwvvPkW7azl/rOy+F3HYRZ2K5zeE9mmkhQppyv9sQFx0JM9UabnpPQ==",
      "license": "Unlicense"
    },
    "node_modules/json-schema-to-ts": {
      "version": "3.1.1",
      "resolved": "https://registry.npmjs.org/json-schema-to-ts/-/json-schema-to-ts-3.1.1.tgz",
      "integrity": "sha512-+DWg8jCJG2TEnpy7kOm/7/AxaYoaRbjVB4LFZLySZlWn8exGs3A4OLJR966cVvU26N7X9TWxl+Jsw7dzAqKT6g==",
      "license": "MIT",
      "dependencies": {
        "@babel/runtime": "^7.18.3",
        "ts-algebra": "^2.0.0"
      },
      "engines": {
        "node": ">=16"
      }
    },
    "node_modules/standardwebhooks": {
      "version": "1.0.0",
      "resolved": "https://registry.npmjs.org/standardwebhooks/-/standardwebhooks-1.0.0.tgz",
      "integrity": "sha512-BbHGOQK9olHPMvQNHWul6MYlrRTAOKn03rOe4A8O3CLWhNf4YHBqq2HJKKC+sfqpxiBY52pNeesD6jIiLDz8jg==",
      "license": "MIT",
      "dependencies": {
        "@stablelib/base64": "^1.0.0",
        "fast-sha256": "^1.3.0"
      }
    },
    "node_modules/ts-algebra": {
      "version": "2.0.0",
      "resolved": "https://registry.npmjs.org/ts-algebra/-/ts-algebra-2.0.0.tgz",
      "integrity": "sha512-FPAhNPFMrkwz76P7cdjdmiShwMynZYN6SgOujD1urY4oNm80Ou9oMdmbR45LotcKOXoy7wSmHkRFE6Mxbrhefw==",
      "license": "MIT"
    },
    "node_modules/tslib": {
      "version": "2.8.1",
      "resolved": "https://registry.npmjs.org/tslib/-/tslib-2.8.1.tgz",
      "integrity": "sha512-oJFu94HQb+KVduSUQL7wnpmqnfmLsOA/nAh6b6EH0wCEoK0/mPeXU6c3wKDV83MkOuHPRHtSXKKU99IBazS/2w==",
      "license": "0BSD"
    }
  }
}
